%{"acl_ex": {:git, "https://github.com/jonnystorm/acl-elixir", "7fbbde3a8c59bd43698becfc8edfb65bf689c99c", []},
  "cauldron": {:hex, :cauldron, "0.1.5"},
  "cisco_config_copy_ex": {:git, "https://github.com/jonnystorm/cisco-config-copy-elixir", "6a2b62ee4a741978f2db633f313992694feccd65", []},
  "cisco_snmp_ex": {:git, "https://github.com/jonnystorm/cisco-snmp-elixir", "88d22185453e1d306de52cc812391a811a2d61cc", []},
  "decimal": {:hex, :decimal, "1.1.0"},
  "ecto": {:git, "https://github.com/elixir-lang/ecto", "cb71044f48ad4580488bd8b870ccdd519629d9d1", []},
  "exts": {:hex, :exts, "0.2.2"},
  "httprot": {:hex, :httprot, "0.1.5"},
  "jazz": {:hex, :jazz, "0.2.1"},
  "linear_ex": {:git, "https://github.com/jonnystorm/linear-elixir.git", "7247d77b0c9366b9aa87d332b12ddac7ed169bc9", []},
  "net_snmp_ex": {:git, "https://github.com/jonnystorm/net-snmp-elixir", "cbe660d08063a53b79982ee7e8238ef3b3f26033", []},
  "poolboy": {:hex, :poolboy, "1.5.1"},
  "postgrex": {:hex, :postgrex, "0.8.1"},
  "reagent": {:hex, :reagent, "0.1.5"},
  "snmp_mib_ex": {:git, "https://github.com/jonnystorm/snmp-mib-elixir", "066a5fdb6e5bfa6a0ac2d95832dac04bac84a634", []},
  "socket": {:hex, :socket, "0.2.8"},
  "tftp_ex": {:git, "https://github.com/jonnystorm/tftp-elixir", "50346700fac3493d6777f7ccf5f80721a648a1c5", []},
  "urna": {:git, "https://github.com/meh/urna", "cceb5ef10bef83139582ecb3e52ecc697d2d3038", []}}
