%{"cauldron": {:hex, :cauldron, "0.1.5"},
  "decimal": {:hex, :decimal, "1.1.0"},
  "ecto": {:git, "https://github.com/elixir-lang/ecto.git", "6d490c4c35eb95e20dfd27b217019fc50ce05c69", [ref: "6d490c4c35"]},
  "exts": {:hex, :exts, "0.2.2"},
  "httprot": {:hex, :httprot, "0.1.5"},
  "jazz": {:hex, :jazz, "0.2.1"},
  "poolboy": {:hex, :poolboy, "1.4.2"},
  "postgrex": {:hex, :postgrex, "0.8.0"},
  "reagent": {:hex, :reagent, "0.1.5"},
  "socket": {:hex, :socket, "0.2.8"},
  "urna": {:git, "https://github.com/meh/urna.git", "fa2e99302c1616f898c08c06054df1098a621345", [ref: "fa2e99302c"]}}
